
Microsoft Visual Studio Solution File, Format Version 12.00
# Visual Studio Version 17
VisualStudioVersion = 17.6.33801.468
MinimumVisualStudioVersion = 10.0.40219.1
Project("{FAE04EC0-301F-11D3-BF4B-00C04F79EFBC}") = "Урок 1", "Урок 1.csproj", "{8AF5C177-895D-4369-9758-E81C340E50EE}"
EndProject
Global
	GlobalSection(SolutionConfigurationPlatforms) = preSolution
		Debug|Any CPU = Debug|Any CPU
		Release|Any CPU = Release|Any CPU
	EndGlobalSection
	GlobalSection(ProjectConfigurationPlatforms) = postSolution
		{8AF5C177-895D-4369-9758-E81C340E50EE}.Debug|Any CPU.ActiveCfg = Debug|Any CPU
		{8AF5C177-895D-4369-9758-E81C340E50EE}.Debug|Any CPU.Build.0 = Debug|Any CPU
		{8AF5C177-895D-4369-9758-E81C340E50EE}.Release|Any CPU.ActiveCfg = Release|Any CPU
		{8AF5C177-895D-4369-9758-E81C340E50EE}.Release|Any CPU.Build.0 = Release|Any CPU
	EndGlobalSection
	GlobalSection(SolutionProperties) = preSolution
		HideSolutionNode = FALSE
	EndGlobalSection
	GlobalSection(ExtensibilityGlobals) = postSolution
		SolutionGuid = {3F34B16F-E8A8-4EC7-9100-5E0412EAFA09}
	EndGlobalSection
EndGlobal
